<?xml version="1.0" encoding="utf-8"?>
<Project ToolsVersion="4.0" xmlns="http://schemas.microsoft.com/developer/msbuild/2003">
  <ItemGroup>
    <ClCompile Include="main.cpp" />
    <ClCompile Include="Shape\Circle.cpp">
      <Filter>Shape</Filter>
    </ClCompile>
    <ClCompile Include="Shape\Donut.cpp">
      <Filter>Shape</Filter>
    </ClCompile>
    <ClCompile Include="Shape\IsoscelesTriangle.cpp">
      <Filter>Shape</Filter>
    </ClCompile>
    <ClCompile Include="Shape\Rectangle.cpp">
      <Filter>Shape</Filter>
    </ClCompile>
    <ClCompile Include="Shape\RectangularTriangle.cpp">
      <Filter>Shape</Filter>
    </ClCompile>
    <ClCompile Include="Shape\Square.cpp">
      <Filter>Shape</Filter>
    </ClCompile>
    <ClCompile Include="Shape\Triangle.cpp">
      <Filter>Shape</Filter>
    </ClCompile>
    <ClCompile Include="Command\ArgumentParser.cpp">
      <Filter>Command</Filter>
    </ClCompile>
  </ItemGroup>
  <ItemGroup>
    <Filter Include="Shape">
      <UniqueIdentifier>{3d5360e0-ce3f-410c-8410-64675bc670cd}</UniqueIdentifier>
    </Filter>
    <Filter Include="Command">
      <UniqueIdentifier>{ee0375f1-0a8c-4e23-b2b3-e6fcbbeabb02}</UniqueIdentifier>
    </Filter>
  </ItemGroup>
  <ItemGroup>
    <ClInclude Include="Shape\Circle.h">
      <Filter>Shape</Filter>
    </ClInclude>
    <ClInclude Include="Shape\CircleShape.h">
      <Filter>Shape</Filter>
    </ClInclude>
    <ClInclude Include="Shape\Donut.h">
      <Filter>Shape</Filter>
    </ClInclude>
    <ClInclude Include="Shape\IsoscelesTriangle.h">
      <Filter>Shape</Filter>
    </ClInclude>
    <ClInclude Include="Shape\Rectangle.h">
      <Filter>Shape</Filter>
    </ClInclude>
    <ClInclude Include="Shape\RectangleShape.h">
      <Filter>Shape</Filter>
    </ClInclude>
    <ClInclude Include="Shape\RectangularTriangle.h">
      <Filter>Shape</Filter>
    </ClInclude>
    <ClInclude Include="Shape\Shape.h">
      <Filter>Shape</Filter>
    </ClInclude>
    <ClInclude Include="Shape\Shape2D.h">
      <Filter>Shape</Filter>
    </ClInclude>
    <ClInclude Include="Shape\Shape3D.h">
      <Filter>Shape</Filter>
    </ClInclude>
    <ClInclude Include="Shape\Square.h">
      <Filter>Shape</Filter>
    </ClInclude>
    <ClInclude Include="Shape\Triangle.h">
      <Filter>Shape</Filter>
    </ClInclude>
    <ClInclude Include="Shape\TriangleShape.h">
      <Filter>Shape</Filter>
    </ClInclude>
    <ClInclude Include="Command\ArgumentParser.h">
      <Filter>Command</Filter>
    </ClInclude>
    <ClInclude Include="Command\OptionBase.h">
      <Filter>Command</Filter>
    </ClInclude>
    <ClInclude Include="Command\ShapeOption.h">
      <Filter>Command</Filter>
    </ClInclude>
    <ClInclude Include="Command\ShapeOptionBase.h">
      <Filter>Command</Filter>
    </ClInclude>
  </ItemGroup>
</Project>